
Microsoft Visual Studio Solution File, Format Version 12.00
# Visual Studio for Mac
Project("{FAE04EC0-301F-11D3-BF4B-00C04F79EFBC}") = "3D Dame", "Assembly-CSharp.csproj", "{EFF3B5B6-94D9-BE8A-3FCE-021706A5C0B2}"
EndProject
Global
	GlobalSection(SolutionConfigurationPlatforms) = preSolution
		Debug|Any CPU = Debug|Any CPU
		Release|Any CPU = Release|Any CPU
	EndGlobalSection
	GlobalSection(ProjectConfigurationPlatforms) = postSolution
		{EFF3B5B6-94D9-BE8A-3FCE-021706A5C0B2}.Debug|Any CPU.ActiveCfg = Debug|Any CPU
		{EFF3B5B6-94D9-BE8A-3FCE-021706A5C0B2}.Debug|Any CPU.Build.0 = Debug|Any CPU
		{EFF3B5B6-94D9-BE8A-3FCE-021706A5C0B2}.Release|Any CPU.ActiveCfg = Release|Any CPU
		{EFF3B5B6-94D9-BE8A-3FCE-021706A5C0B2}.Release|Any CPU.Build.0 = Release|Any CPU
	EndGlobalSection
	GlobalSection(SolutionProperties) = preSolution
		HideSolutionNode = FALSE
	EndGlobalSection
EndGlobal
